
Microsoft Visual Studio Solution File, Format Version 12.00
# Visual Studio Version 16
VisualStudioVersion = 16.0.29709.97
MinimumVisualStudioVersion = 10.0.40219.1
Project("{FAE04EC0-301F-11D3-BF4B-00C04F79EFBC}") = "Vaxtaskra", "Vaxtaskra\Vaxtaskra.csproj", "{A43B25BA-580E-48C7-9715-25DD8139582C}"
EndProject
Project("{00D1A9C2-B5F0-4AF3-8072-F6C62B433612}") = "VaxtaDb", "VaxtaDb\VaxtaDb.sqlproj", "{4A5CC5E8-668D-40F2-A5B8-E8BCCC2CFA49}"
EndProject
Global
	GlobalSection(SolutionConfigurationPlatforms) = preSolution
		Debug|Any CPU = Debug|Any CPU
		Release|Any CPU = Release|Any CPU
	EndGlobalSection
	GlobalSection(ProjectConfigurationPlatforms) = postSolution
		{A43B25BA-580E-48C7-9715-25DD8139582C}.Debug|Any CPU.ActiveCfg = Debug|Any CPU
		{A43B25BA-580E-48C7-9715-25DD8139582C}.Debug|Any CPU.Build.0 = Debug|Any CPU
		{A43B25BA-580E-48C7-9715-25DD8139582C}.Release|Any CPU.ActiveCfg = Release|Any CPU
		{A43B25BA-580E-48C7-9715-25DD8139582C}.Release|Any CPU.Build.0 = Release|Any CPU
		{4A5CC5E8-668D-40F2-A5B8-E8BCCC2CFA49}.Debug|Any CPU.ActiveCfg = Debug|Any CPU
		{4A5CC5E8-668D-40F2-A5B8-E8BCCC2CFA49}.Debug|Any CPU.Build.0 = Debug|Any CPU
		{4A5CC5E8-668D-40F2-A5B8-E8BCCC2CFA49}.Debug|Any CPU.Deploy.0 = Debug|Any CPU
		{4A5CC5E8-668D-40F2-A5B8-E8BCCC2CFA49}.Release|Any CPU.ActiveCfg = Release|Any CPU
		{4A5CC5E8-668D-40F2-A5B8-E8BCCC2CFA49}.Release|Any CPU.Build.0 = Release|Any CPU
		{4A5CC5E8-668D-40F2-A5B8-E8BCCC2CFA49}.Release|Any CPU.Deploy.0 = Release|Any CPU
	EndGlobalSection
	GlobalSection(SolutionProperties) = preSolution
		HideSolutionNode = FALSE
	EndGlobalSection
	GlobalSection(ExtensibilityGlobals) = postSolution
		SolutionGuid = {9FA99A82-EFAC-4CDB-A58C-98DFD6262987}
	EndGlobalSection
EndGlobal
